// !$*UTF8*$!
{
	archiveVersion = 1;
	classes = {
	};
	objectVersion = 46;
	objects = {

/* Begin PBXBuildFile section */
		ABDAF4E219D3FFE500015C4E /* main.m in Sources */ = {isa = PBXBuildFile; fileRef = ABDAF4E119D3FFE500015C4E /* main.m */; };
		ABDAF4E519D3FFE500015C4E /* AppDelegate.m in Sources */ = {isa = PBXBuildFile; fileRef = ABDAF4E419D3FFE500015C4E /* AppDelegate.m */; };
		ABDAF4E819D3FFE500015C4E /* GameScene.m in Sources */ = {isa = PBXBuildFile; fileRef = ABDAF4E719D3FFE500015C4E /* GameScene.m */; };
		ABDAF4EA19D3FFE500015C4E /* GameScene.sks in Resources */ = {isa = PBXBuildFile; fileRef = ABDAF4E919D3FFE500015C4E /* GameScene.sks */; };
		ABDAF4ED19D3FFE500015C4E /* GameViewController.m in Sources */ = {isa = PBXBuildFile; fileRef = ABDAF4EC19D3FFE500015C4E /* GameViewController.m */; };
		ABDAF4F019D3FFE500015C4E /* Main.storyboard in Resources */ = {isa = PBXBuildFile; fileRef = ABDAF4EE19D3FFE500015C4E /* Main.storyboard */; };
		ABDAF4F219D3FFE500015C4E /* Images.xcassets in Resources */ = {isa = PBXBuildFile; fileRef = ABDAF4F119D3FFE500015C4E /* Images.xcassets */; };
		ABDAF4F519D3FFE500015C4E /* LaunchScreen.xib in Resources */ = {isa = PBXBuildFile; fileRef = ABDAF4F319D3FFE500015C4E /* LaunchScreen.xib */; };
		ABDAF50119D3FFE500015C4E /* BreakingBricksTests.m in Sources */ = {isa = PBXBuildFile; fileRef = ABDAF50019D3FFE500015C4E /* BreakingBricksTests.m */; };
/* End PBXBuildFile section */

/* Begin PBXContainerItemProxy section */
		ABDAF4FB19D3FFE500015C4E /* PBXContainerItemProxy */ = {
			isa = PBXContainerItemProxy;
			containerPortal = ABDAF4D419D3FFE400015C4E /* Project object */;
			proxyType = 1;
			remoteGlobalIDString = ABDAF4DB19D3FFE500015C4E;
			remoteInfo = BreakingBricks;
		};
/* End PBXContainerItemProxy section */

/* Begin PBXFileReference section */
		ABDAF4DC19D3FFE500015C4E /* BreakingBricks.app */ = {isa = PBXFileReference; explicitFileType = wrapper.application; includeInIndex = 0; path = BreakingBricks.app; sourceTree = BUILT_PRODUCTS_DIR; };
		ABDAF4E019D3FFE500015C4E /* Info.plist */ = {isa = PBXFileReference; lastKnownFileType = text.plist.xml; path = Info.plist; sourceTree = "<group>"; };
		ABDAF4E119D3FFE500015C4E /* main.m */ = {isa = PBXFileReference; lastKnownFileType = sourcecode.c.objc; path = main.m; sourceTree = "<group>"; };
		ABDAF4E319D3FFE500015C4E /* AppDelegate.h */ = {isa = PBXFileReference; lastKnownFileType = sourcecode.c.h; path = AppDelegate.h; sourceTree = "<group>"; };
		ABDAF4E419D3FFE500015C4E /* AppDelegate.m */ = {isa = PBXFileReference; lastKnownFileType = sourcecode.c.objc; path = AppDelegate.m; sourceTree = "<group>"; };
		ABDAF4E619D3FFE500015C4E /* GameScene.h */ = {isa = PBXFileReference; lastKnownFileType = sourcecode.c.h; path = GameScene.h; sourceTree = "<group>"; };
		ABDAF4E719D3FFE500015C4E /* GameScene.m */ = {isa = PBXFileReference; lastKnownFileType = sourcecode.c.objc; path = GameScene.m; sourceTree = "<group>"; };
		ABDAF4E919D3FFE500015C4E /* GameScene.sks */ = {isa = PBXFileReference; lastKnownFileType = file.sks; path = GameScene.sks; sourceTree = "<group>"; };
		ABDAF4EB19D3FFE500015C4E /* GameViewController.h */ = {isa = PBXFileReference; lastKnownFileType = sourcecode.c.h; path = GameViewController.h; sourceTree = "<group>"; };
		ABDAF4EC19D3FFE500015C4E /* GameViewController.m */ = {isa = PBXFileReference; lastKnownFileType = sourcecode.c.objc; path = GameViewController.m; sourceTree = "<group>"; };
		ABDAF4EF19D3FFE500015C4E /* Base */ = {isa = PBXFileReference; lastKnownFileType = file.storyboard; name = Base; path = Base.lproj/Main.storyboard; sourceTree = "<group>"; };
		ABDAF4F119D3FFE500015C4E /* Images.xcassets */ = {isa = PBXFileReference; lastKnownFileType = folder.assetcatalog; path = Images.xcassets; sourceTree = "<group>"; };
		ABDAF4F419D3FFE500015C4E /* Base */ = {isa = PBXFileReference; lastKnownFileType = file.xib; name = Base; path = Base.lproj/LaunchScreen.xib; sourceTree = "<group>"; };
		ABDAF4FA19D3FFE500015C4E /* BreakingBricksTests.xctest */ = {isa = PBXFileReference; explicitFileType = wrapper.cfbundle; includeInIndex = 0; path = BreakingBricksTests.xctest; sourceTree = BUILT_PRODUCTS_DIR; };
		ABDAF4FF19D3FFE500015C4E /* Info.plist */ = {isa = PBXFileReference; lastKnownFileType = text.plist.xml; path = Info.plist; sourceTree = "<group>"; };
		ABDAF50019D3FFE500015C4E /* BreakingBricksTests.m */ = {isa = PBXFileReference; lastKnownFileType = sourcecode.c.objc; path = BreakingBricksTests.m; sourceTree = "<group>"; };
/* End PBXFileReference section */

/* Begin PBXFrameworksBuildPhase section */
		ABDAF4D919D3FFE500015C4E /* Frameworks */ = {
			isa = PBXFrameworksBuildPhase;
			buildActionMask = 2147483647;
			files = (
			);
			runOnlyForDeploymentPostprocessing = 0;
		};
		ABDAF4F719D3FFE500015C4E /* Frameworks */ = {
			isa = PBXFrameworksBuildPhase;
			buildActionMask = 2147483647;
			files = (
			);
			runOnlyForDeploymentPostprocessing = 0;
		};
/* End PBXFrameworksBuildPhase section */

/* Begin PBXGroup section */
		ABDAF4D319D3FFE400015C4E = {
			isa = PBXGroup;
			children = (
				ABDAF4DE19D3FFE500015C4E /* BreakingBricks */,
				ABDAF4FD19D3FFE500015C4E /* BreakingBricksTests */,
				ABDAF4DD19D3FFE500015C4E /* Products */,
			);
			sourceTree = "<group>";
		};
		ABDAF4DD19D3FFE500015C4E /* Products */ = {
			isa = PBXGroup;
			children = (
				ABDAF4DC19D3FFE500015C4E /* BreakingBricks.app */,
				ABDAF4FA19D3FFE500015C4E /* BreakingBricksTests.xctest */,
			);
			name = Products;
			sourceTree = "<group>";
		};
		ABDAF4DE19D3FFE500015C4E /* BreakingBricks */ = {
			isa = PBXGroup;
			children = (
				ABDAF4E319D3FFE500015C4E /* AppDelegate.h */,
				ABDAF4E419D3FFE500015C4E /* AppDelegate.m */,
				ABDAF4E619D3FFE500015C4E /* GameScene.h */,
				ABDAF4E719D3FFE500015C4E /* GameScene.m */,
				ABDAF4E919D3FFE500015C4E /* GameScene.sks */,
				ABDAF4EB19D3FFE500015C4E /* GameViewController.h */,
				ABDAF4EC19D3FFE500015C4E /* GameViewController.m */,
				ABDAF4EE19D3FFE500015C4E /* Main.storyboard */,
				ABDAF4F119D3FFE500015C4E /* Images.xcassets */,
				ABDAF4F319D3FFE500015C4E /* LaunchScreen.xib */,
				ABDAF4DF19D3FFE500015C4E /* Supporting Files */,
			);
			path = BreakingBricks;
			sourceTree = "<group>";
		};
		ABDAF4DF19D3FFE500015C4E /* Supporting Files */ = {
			isa = PBXGroup;
			children = (
				ABDAF4E019D3FFE500015C4E /* Info.plist */,
				ABDAF4E119D3FFE500015C4E /* main.m */,
			);
			name = "Supporting Files";
			sourceTree = "<group>";
		};
		ABDAF4FD19D3FFE500015C4E /* BreakingBricksTests */ = {
			isa = PBXGroup;
			children = (
				ABDAF50019D3FFE500015C4E /* BreakingBricksTests.m */,
				ABDAF4FE19D3FFE500015C4E /* Supporting Files */,
			);
			path = BreakingBricksTests;
			sourceTree = "<group>";
		};
		ABDAF4FE19D3FFE500015C4E /* Supporting Files */ = {
			isa = PBXGroup;
			children = (
				ABDAF4FF19D3FFE500015C4E /* Info.plist */,
			);
			name = "Supporting Files";
			sourceTree = "<group>";
		};
/* End PBXGroup section */

/* Begin PBXNativeTarget section */
		ABDAF4DB19D3FFE500015C4E /* BreakingBricks */ = {
			isa = PBXNativeTarget;
			buildConfigurationList = ABDAF50419D3FFE500015C4E /* Build configuration list for PBXNativeTarget "BreakingBricks" */;
			buildPhases = (
				ABDAF4D819D3FFE500015C4E /* Sources */,
				ABDAF4D919D3FFE500015C4E /* Frameworks */,
				ABDAF4DA19D3FFE500015C4E /* Resources */,
			);
			buildRules = (
			);
			dependencies = (
			);
			name = BreakingBricks;
			productName = BreakingBricks;
			productReference = ABDAF4DC19D3FFE500015C4E /* BreakingBricks.app */;
			productType = "com.apple.product-type.application";
		};
		ABDAF4F919D3FFE500015C4E /* BreakingBricksTests */ = {
			isa = PBXNativeTarget;
			buildConfigurationList = ABDAF50719D3FFE500015C4E /* Build configuration list for PBXNativeTarget "BreakingBricksTests" */;
			buildPhases = (
				ABDAF4F619D3FFE500015C4E /* Sources */,
				ABDAF4F719D3FFE500015C4E /* Frameworks */,
				ABDAF4F819D3FFE500015C4E /* Resources */,
			);
			buildRules = (
			);
			dependencies = (
				ABDAF4FC19D3FFE500015C4E /* PBXTargetDependency */,
			);
			name = BreakingBricksTests;
			productName = BreakingBricksTests;
			productReference = ABDAF4FA19D3FFE500015C4E /* BreakingBricksTests.xctest */;
			productType = "com.apple.product-type.bundle.unit-test";
		};
/* End PBXNativeTarget section */

/* Begin PBXProject section */
		ABDAF4D419D3FFE400015C4E /* Project object */ = {
			isa = PBXProject;
			attributes = {
				LastUpgradeCheck = 0600;
				ORGANIZATIONNAME = "Waseef Akhtar";
				TargetAttributes = {
					ABDAF4DB19D3FFE500015C4E = {
						CreatedOnToolsVersion = 6.0.1;
					};
					ABDAF4F919D3FFE500015C4E = {
						CreatedOnToolsVersion = 6.0.1;
						TestTargetID = ABDAF4DB19D3FFE500015C4E;
					};
				};
			};
			buildConfigurationList = ABDAF4D719D3FFE400015C4E /* Build configuration list for PBXProject "BreakingBricks" */;
			compatibilityVersion = "Xcode 3.2";
			developmentRegion = English;
			hasScannedForEncodings = 0;
			knownRegions = (
				en,
				Base,
			);
			mainGroup = ABDAF4D319D3FFE400015C4E;
			productRefGroup = ABDAF4DD19D3FFE500015C4E /* Products */;
			projectDirPath = "";
			projectRoot = "";
			targets = (
				ABDAF4DB19D3FFE500015C4E /* BreakingBricks */,
				ABDAF4F919D3FFE500015C4E /* BreakingBricksTests */,
			);
		};
/* End PBXProject section */

/* Begin PBXResourcesBuildPhase section */
		ABDAF4DA19D3FFE500015C4E /* Resources */ = {
			isa = PBXResourcesBuildPhase;
			buildActionMask = 2147483647;
			files = (
				ABDAF4F519D3FFE500015C4E /* LaunchScreen.xib in Resources */,
				ABDAF4F219D3FFE500015C4E /* Images.xcassets in Resources */,
				ABDAF4EA19D3FFE500015C4E /* GameScene.sks in Resources */,
				ABDAF4F019D3FFE500015C4E /* Main.storyboard in Resources */,
			);
			runOnlyForDeploymentPostprocessing = 0;
		};
		ABDAF4F819D3FFE500015C4E /* Resources */ = {
			isa = PBXResourcesBuildPhase;
			buildActionMask = 2147483647;
			files = (
			);
			runOnlyForDeploymentPostprocessing = 0;
		};
/* End PBXResourcesBuildPhase section */

/* Begin PBXSourcesBuildPhase section */
		ABDAF4D819D3FFE500015C4E /* Sources */ = {
			isa = PBXSourcesBuildPhase;
			buildActionMask = 2147483647;
			files = (
				ABDAF4ED19D3FFE500015C4E /* GameViewController.m in Sources */,
				ABDAF4E519D3FFE500015C4E /* AppDelegate.m in Sources */,
				ABDAF4E819D3FFE500015C4E /* GameScene.m in Sources */,
				ABDAF4E219D3FFE500015C4E /* main.m in Sources */,
			);
			runOnlyForDeploymentPostprocessing = 0;
		};
		ABDAF4F619D3FFE500015C4E /* Sources */ = {
			isa = PBXSourcesBuildPhase;
			buildActionMask = 2147483647;
			files = (
				ABDAF50119D3FFE500015C4E /* BreakingBricksTests.m in Sources */,
			);
			runOnlyForDeploymentPostprocessing = 0;
		};
/* End PBXSourcesBuildPhase section */

/* Begin PBXTargetDependency section */
		ABDAF4FC19D3FFE500015C4E /* PBXTargetDependency */ = {
			isa = PBXTargetDependency;
			target = ABDAF4DB19D3FFE500015C4E /* BreakingBricks */;
			targetProxy = ABDAF4FB19D3FFE500015C4E /* PBXContainerItemProxy */;
		};
/* End PBXTargetDependency section */

/* Begin PBXVariantGroup section */
		ABDAF4EE19D3FFE500015C4E /* Main.storyboard */ = {
			isa = PBXVariantGroup;
			children = (
				ABDAF4EF19D3FFE500015C4E /* Base */,
			);
			name = Main.storyboard;
			sourceTree = "<group>";
		};
		ABDAF4F319D3FFE500015C4E /* LaunchScreen.xib */ = {
			isa = PBXVariantGroup;
			children = (
				ABDAF4F419D3FFE500015C4E /* Base */,
			);
			name = LaunchScreen.xib;
			sourceTree = "<group>";
		};
/* End PBXVariantGroup section */

/* Begin XCBuildConfiguration section */
		ABDAF50219D3FFE500015C4E /* Debug */ = {
			isa = XCBuildConfiguration;
			buildSettings = {
				ALWAYS_SEARCH_USER_PATHS = NO;
				CLANG_CXX_LANGUAGE_STANDARD = "gnu++0x";
				CLANG_CXX_LIBRARY = "libc++";
				CLANG_ENABLE_MODULES = YES;
				CLANG_ENABLE_OBJC_ARC = YES;
				CLANG_WARN_BOOL_CONVERSION = YES;
				CLANG_WARN_CONSTANT_CONVERSION = YES;
				CLANG_WARN_DIRECT_OBJC_ISA_USAGE = YES_ERROR;
				CLANG_WARN_EMPTY_BODY = YES;
				CLANG_WARN_ENUM_CONVERSION = YES;
				CLANG_WARN_INT_CONVERSION = YES;
				CLANG_WARN_OBJC_ROOT_CLASS = YES_ERROR;
				CLANG_WARN_UNREACHABLE_CODE = YES;
				CLANG_WARN__DUPLICATE_METHOD_MATCH = YES;
				"CODE_SIGN_IDENTITY[sdk=iphoneos*]" = "iPhone Developer";
				COPY_PHASE_STRIP = NO;
				ENABLE_STRICT_OBJC_MSGSEND = YES;
				GCC_C_LANGUAGE_STANDARD = gnu99;
				GCC_DYNAMIC_NO_PIC = NO;
				GCC_OPTIMIZATION_LEVEL = 0;
				GCC_PREPROCESSOR_DEFINITIONS = (
					"DEBUG=1",
					"$(inherited)",
				);
				GCC_SYMBOLS_PRIVATE_EXTERN = NO;
				GCC_WARN_64_TO_32_BIT_CONVERSION = YES;
				GCC_WARN_ABOUT_RETURN_TYPE = YES_ERROR;
				GCC_WARN_UNDECLARED_SELECTOR = YES;
				GCC_WARN_UNINITIALIZED_AUTOS = YES_AGGRESSIVE;
				GCC_WARN_UNUSED_FUNCTION = YES;
				GCC_WARN_UNUSED_VARIABLE = YES;
				IPHONEOS_DEPLOYMENT_TARGET = 8.0;
				MTL_ENABLE_DEBUG_INFO = YES;
				ONLY_ACTIVE_ARCH = YES;
				SDKROOT = iphoneos;
			};
			name = Debug;
		};
		ABDAF50319D3FFE500015C4E /* Release */ = {
			isa = XCBuildConfiguration;
			buildSettings = {
				ALWAYS_SEARCH_USER_PATHS = NO;
				CLANG_CXX_LANGUAGE_STANDARD = "gnu++0x";
				CLANG_CXX_LIBRARY = "libc++";
				CLANG_ENABLE_MODULES = YES;
				CLANG_ENABLE_OBJC_ARC = YES;
				CLANG_WARN_BOOL_CONVERSION = YES;
				CLANG_WARN_CONSTANT_CONVERSION = YES;
				CLANG_WARN_DIRECT_OBJC_ISA_USAGE = YES_ERROR;
				CLANG_WARN_EMPTY_BODY = YES;
				CLANG_WARN_ENUM_CONVERSION = YES;
				CLANG_WARN_INT_CONVERSION = YES;
				CLANG_WARN_OBJC_ROOT_CLASS = YES_ERROR;
				CLANG_WARN_UNREACHABLE_CODE = YES;
				CLANG_WARN__DUPLICATE_METHOD_MATCH = YES;
				"CODE_SIGN_IDENTITY[sdk=iphoneos*]" = "iPhone Developer";
				COPY_PHASE_STRIP = YES;
				ENABLE_NS_ASSERTIONS = NO;
				ENABLE_STRICT_OBJC_MSGSEND = YES;
				GCC_C_LANGUAGE_STANDARD = gnu99;
				GCC_WARN_64_TO_32_BIT_CONVERSION = YES;
				GCC_WARN_ABOUT_RETURN_TYPE = YES_ERROR;
				GCC_WARN_UNDECLARED_SELECTOR = YES;
				GCC_WARN_UNINITIALIZED_AUTOS = YES_AGGRESSIVE;
				GCC_WARN_UNUSED_FUNCTION = YES;
				GCC_WARN_UNUSED_VARIABLE = YES;
				IPHONEOS_DEPLOYMENT_TARGET = 8.0;
				MTL_ENABLE_DEBUG_INFO = NO;
				SDKROOT = iphoneos;
				VALIDATE_PRODUCT = YES;
			};
			name = Release;
		};
		ABDAF50519D3FFE500015C4E /* Debug */ = {
			isa = XCBuildConfiguration;
			buildSettings = {
				ASSETCATALOG_COMPILER_APPICON_NAME = AppIcon;
				INFOPLIST_FILE = BreakingBricks/Info.plist;
				LD_RUNPATH_SEARCH_PATHS = "$(inherited) @executable_path/Frameworks";
				PRODUCT_NAME = "$(TARGET_NAME)";
			};
			name = Debug;
		};
		ABDAF50619D3FFE500015C4E /* Release */ = {
			isa = XCBuildConfiguration;
			buildSettings = {
				ASSETCATALOG_COMPILER_APPICON_NAME = AppIcon;
				INFOPLIST_FILE = BreakingBricks/Info.plist;
				LD_RUNPATH_SEARCH_PATHS = "$(inherited) @executable_path/Frameworks";
				PRODUCT_NAME = "$(TARGET_NAME)";
			};
			name = Release;
		};
		ABDAF50819D3FFE500015C4E /* Debug */ = {
			isa = XCBuildConfiguration;
			buildSettings = {
				BUNDLE_LOADER = "$(TEST_HOST)";
				FRAMEWORK_SEARCH_PATHS = (
					"$(SDKROOT)/Developer/Library/Frameworks",
					"$(inherited)",
				);
				GCC_PREPROCESSOR_DEFINITIONS = (
					"DEBUG=1",
					"$(inherited)",
				);
				INFOPLIST_FILE = BreakingBricksTests/Info.plist;
				LD_RUNPATH_SEARCH_PATHS = "$(inherited) @executable_path/Frameworks @loader_path/Frameworks";
				PRODUCT_NAME = "$(TARGET_NAME)";
				TEST_HOST = "$(BUILT_PRODUCTS_DIR)/BreakingBricks.app/BreakingBricks";
			};
			name = Debug;
		};
		ABDAF50919D3FFE500015C4E /* Release */ = {
			isa = XCBuildConfiguration;
			buildSettings = {
				BUNDLE_LOADER = "$(TEST_HOST)";
				FRAMEWORK_SEARCH_PATHS = (
					"$(SDKROOT)/Developer/Library/Frameworks",
					"$(inherited)",
				);
				INFOPLIST_FILE = BreakingBricksTests/Info.plist;
				LD_RUNPATH_SEARCH_PATHS = "$(inherited) @executable_path/Frameworks @loader_path/Frameworks";
				PRODUCT_NAME = "$(TARGET_NAME)";
				TEST_HOST = "$(BUILT_PRODUCTS_DIR)/BreakingBricks.app/BreakingBricks";
			};
			name = Release;
		};
/* End XCBuildConfiguration section */

/* Begin XCConfigurationList section */
		ABDAF4D719D3FFE400015C4E /* Build configuration list for PBXProject "BreakingBricks" */ = {
			isa = XCConfigurationList;
			buildConfigurations = (
				ABDAF50219D3FFE500015C4E /* Debug */,
				ABDAF50319D3FFE500015C4E /* Release */,
			);
			defaultConfigurationIsVisible = 0;
			defaultConfigurationName = Release;
		};
		ABDAF50419D3FFE500015C4E /* Build configuration list for PBXNativeTarget "BreakingBricks" */ = {
			isa = XCConfigurationList;
			buildConfigurations = (
				ABDAF50519D3FFE500015C4E /* Debug */,
				ABDAF50619D3FFE500015C4E /* Release */,
			);
			defaultConfigurationIsVisible = 0;
		};
		ABDAF50719D3FFE500015C4E /* Build configuration list for PBXNativeTarget "BreakingBricksTests" */ = {
			isa = XCConfigurationList;
			buildConfigurations = (
				ABDAF50819D3FFE500015C4E /* Debug */,
				ABDAF50919D3FFE500015C4E /* Release */,
			);
			defaultConfigurationIsVisible = 0;
		};
/* End XCConfigurationList section */
	};
	rootObject = ABDAF4D419D3FFE400015C4E /* Project object */;
}
